{
  "name": "raidcordcli",
  "version": "1.0.0",
  "lockfileVersion": 1,
  "requires": true,
  "dependencies": {
    "sleep-async": {
      "version": "1.0.5",
      "resolved": "https://registry.npmjs.org/sleep-async/-/sleep-async-1.0.5.tgz",
      "integrity": "sha512-G2B+GBBshG+gSKZZeCTX5ONnF7XVUVpYP0O4QYWmXH6XIpEUfcFbWWwQKleZixg68PWEArvVEi23159F7ohlUQ=="
    },
    "snekfetch": {
      "version": "4.0.4",
      "resolved": "https://registry.npmjs.org/snekfetch/-/snekfetch-4.0.4.tgz",
      "integrity": "sha512-dyycG9fvwtSJqKPfMVOpXt+60qvMGe7vWLwOJDiSJaiAx+hs2EnFChG2bXCWn7ulz+zGzrHdN9/yeEb0YqEPww=="
    }
  }
}
